
Microsoft Visual Studio Solution File, Format Version 12.00
# Visual Studio Version 17
VisualStudioVersion = 17.8.34408.163
MinimumVisualStudioVersion = 10.0.40219.1
Project("{FAE04EC0-301F-11D3-BF4B-00C04F79EFBC}") = "PigLatinLab2024", "PigLatinLab2024\PigLatinLab2024.csproj", "{682CBE7C-640A-4D2A-8C9E-0EB718389A4A}"
EndProject
Global
	GlobalSection(SolutionConfigurationPlatforms) = preSolution
		Debug|Any CPU = Debug|Any CPU
		Release|Any CPU = Release|Any CPU
	EndGlobalSection
	GlobalSection(ProjectConfigurationPlatforms) = postSolution
		{682CBE7C-640A-4D2A-8C9E-0EB718389A4A}.Debug|Any CPU.ActiveCfg = Debug|Any CPU
		{682CBE7C-640A-4D2A-8C9E-0EB718389A4A}.Debug|Any CPU.Build.0 = Debug|Any CPU
		{682CBE7C-640A-4D2A-8C9E-0EB718389A4A}.Release|Any CPU.ActiveCfg = Release|Any CPU
		{682CBE7C-640A-4D2A-8C9E-0EB718389A4A}.Release|Any CPU.Build.0 = Release|Any CPU
	EndGlobalSection
	GlobalSection(SolutionProperties) = preSolution
		HideSolutionNode = FALSE
	EndGlobalSection
	GlobalSection(ExtensibilityGlobals) = postSolution
		SolutionGuid = {E9767646-B928-497A-9D45-45194DCCA48D}
	EndGlobalSection
EndGlobal
